{
  "requires": true,
  "lockfileVersion": 1,
  "dependencies": {
    "react-image-masonry": {
      "version": "0.4.0",
      "resolved": "https://registry.npmjs.org/react-image-masonry/-/react-image-masonry-0.4.0.tgz",
      "integrity": "sha512-h/zoxZ4V1/p/5I92neqpzJPrRlDW91utALXEsJ+3s060De2EtP4J+0q8b+L3/XPUgjjFgBe93ug/o2JuWdnZNQ=="
    }
  }
}
